
Microsoft Visual Studio Solution File, Format Version 12.00
# Visual Studio Version 16
VisualStudioVersion = 16.0.30204.135
MinimumVisualStudioVersion = 10.0.40219.1
Project("{FAE04EC0-301F-11D3-BF4B-00C04F79EFBC}") = "Grafico-a-Partir-de-CSV-By-orlando-Dias", "Grafico-a-Partir-de-CSV-By-orlando-Dias\Grafico-a-Partir-de-CSV-By-orlando-Dias.csproj", "{967C583E-3FB7-4313-8C15-0D38908684E7}"
EndProject
Global
	GlobalSection(SolutionConfigurationPlatforms) = preSolution
		Debug|Any CPU = Debug|Any CPU
		Release|Any CPU = Release|Any CPU
	EndGlobalSection
	GlobalSection(ProjectConfigurationPlatforms) = postSolution
		{967C583E-3FB7-4313-8C15-0D38908684E7}.Debug|Any CPU.ActiveCfg = Debug|Any CPU
		{967C583E-3FB7-4313-8C15-0D38908684E7}.Debug|Any CPU.Build.0 = Debug|Any CPU
		{967C583E-3FB7-4313-8C15-0D38908684E7}.Release|Any CPU.ActiveCfg = Release|Any CPU
		{967C583E-3FB7-4313-8C15-0D38908684E7}.Release|Any CPU.Build.0 = Release|Any CPU
	EndGlobalSection
	GlobalSection(SolutionProperties) = preSolution
		HideSolutionNode = FALSE
	EndGlobalSection
	GlobalSection(ExtensibilityGlobals) = postSolution
		SolutionGuid = {25A3F608-F796-496F-83D6-4D4627D06C18}
	EndGlobalSection
EndGlobal
